
Microsoft Visual Studio Solution File, Format Version 12.00
# Visual Studio Version 16
VisualStudioVersion = 16.0.31205.134
MinimumVisualStudioVersion = 10.0.40219.1
Project("{FAE04EC0-301F-11D3-BF4B-00C04F79EFBC}") = "PlayersAngularProject", "PlayersAngularProject\PlayersAngularProject.csproj", "{B080FDE6-E7C8-4BE0-A1B3-8D412ED3E7F5}"
EndProject
Global
	GlobalSection(SolutionConfigurationPlatforms) = preSolution
		Debug|Any CPU = Debug|Any CPU
		Release|Any CPU = Release|Any CPU
	EndGlobalSection
	GlobalSection(ProjectConfigurationPlatforms) = postSolution
		{B080FDE6-E7C8-4BE0-A1B3-8D412ED3E7F5}.Debug|Any CPU.ActiveCfg = Debug|Any CPU
		{B080FDE6-E7C8-4BE0-A1B3-8D412ED3E7F5}.Debug|Any CPU.Build.0 = Debug|Any CPU
		{B080FDE6-E7C8-4BE0-A1B3-8D412ED3E7F5}.Release|Any CPU.ActiveCfg = Release|Any CPU
		{B080FDE6-E7C8-4BE0-A1B3-8D412ED3E7F5}.Release|Any CPU.Build.0 = Release|Any CPU
	EndGlobalSection
	GlobalSection(SolutionProperties) = preSolution
		HideSolutionNode = FALSE
	EndGlobalSection
	GlobalSection(ExtensibilityGlobals) = postSolution
		SolutionGuid = {BE2DDAEA-31D6-4535-822C-69E292221408}
	EndGlobalSection
EndGlobal
